// !$*UTF8*$!
{
	archiveVersion = 1;
	classes = {
	};
	objectVersion = 46;
	objects = {

/* Begin PBXBuildFile section */
		DBC001441E25303B007CAD72 /* orbit_opcodes.h in Headers */ = {isa = PBXBuildFile; fileRef = DBC001381E25303B007CAD72 /* orbit_opcodes.h */; };
		DBC001451E25303B007CAD72 /* orbit_platforms.h in Headers */ = {isa = PBXBuildFile; fileRef = DBC001391E25303B007CAD72 /* orbit_platforms.h */; };
		DBC001461E25303B007CAD72 /* orbit_string.c in Sources */ = {isa = PBXBuildFile; fileRef = DBC0013A1E25303B007CAD72 /* orbit_string.c */; };
		DBC001471E25303B007CAD72 /* orbit_string.h in Headers */ = {isa = PBXBuildFile; fileRef = DBC0013B1E25303B007CAD72 /* orbit_string.h */; };
		DBC001481E25303B007CAD72 /* orbit_utils.c in Sources */ = {isa = PBXBuildFile; fileRef = DBC0013C1E25303B007CAD72 /* orbit_utils.c */; };
		DBC001491E25303B007CAD72 /* orbit_utils.h in Headers */ = {isa = PBXBuildFile; fileRef = DBC0013D1E25303B007CAD72 /* orbit_utils.h */; };
		DBC0014A1E25303B007CAD72 /* orbit_value.c in Sources */ = {isa = PBXBuildFile; fileRef = DBC0013E1E25303B007CAD72 /* orbit_value.c */; };
		DBC0014B1E25303B007CAD72 /* orbit_value.h in Headers */ = {isa = PBXBuildFile; fileRef = DBC0013F1E25303B007CAD72 /* orbit_value.h */; };
		DBC0014C1E25303B007CAD72 /* orbit_vm.c in Sources */ = {isa = PBXBuildFile; fileRef = DBC001401E25303B007CAD72 /* orbit_vm.c */; };
		DBC0014D1E25303B007CAD72 /* orbit_vm.h in Headers */ = {isa = PBXBuildFile; fileRef = DBC001411E25303B007CAD72 /* orbit_vm.h */; };
		DBC0014E1E25303B007CAD72 /* orbit_vtable.c in Sources */ = {isa = PBXBuildFile; fileRef = DBC001421E25303B007CAD72 /* orbit_vtable.c */; };
		DBC0014F1E25303B007CAD72 /* orbit_vtable.h in Headers */ = {isa = PBXBuildFile; fileRef = DBC001431E25303B007CAD72 /* orbit_vtable.h */; };
		DBC0015F1E25306F007CAD72 /* tests_vm.c in Sources */ = {isa = PBXBuildFile; fileRef = DBC0015B1E25306F007CAD72 /* tests_vm.c */; };
		DBC001601E25306F007CAD72 /* unity.c in Sources */ = {isa = PBXBuildFile; fileRef = DBC0015D1E25306F007CAD72 /* unity.c */; };
		DBC001611E25307C007CAD72 /* libOrbitVM.a in Frameworks */ = {isa = PBXBuildFile; fileRef = DB65126F1DD9D53200A7DC78 /* libOrbitVM.a */; };
/* End PBXBuildFile section */

/* Begin PBXCopyFilesBuildPhase section */
		DBC001521E253054007CAD72 /* CopyFiles */ = {
			isa = PBXCopyFilesBuildPhase;
			buildActionMask = 2147483647;
			dstPath = /usr/share/man/man1/;
			dstSubfolderSpec = 0;
			files = (
			);
			runOnlyForDeploymentPostprocessing = 1;
		};
/* End PBXCopyFilesBuildPhase section */

/* Begin PBXFileReference section */
		DB65126F1DD9D53200A7DC78 /* libOrbitVM.a */ = {isa = PBXFileReference; explicitFileType = archive.ar; includeInIndex = 0; path = libOrbitVM.a; sourceTree = BUILT_PRODUCTS_DIR; };
		DBC001381E25303B007CAD72 /* orbit_opcodes.h */ = {isa = PBXFileReference; fileEncoding = 4; lastKnownFileType = sourcecode.c.h; name = orbit_opcodes.h; path = ../src/liborbit/orbit_opcodes.h; sourceTree = "<group>"; };
		DBC001391E25303B007CAD72 /* orbit_platforms.h */ = {isa = PBXFileReference; fileEncoding = 4; lastKnownFileType = sourcecode.c.h; name = orbit_platforms.h; path = ../src/liborbit/orbit_platforms.h; sourceTree = "<group>"; };
		DBC0013A1E25303B007CAD72 /* orbit_string.c */ = {isa = PBXFileReference; fileEncoding = 4; lastKnownFileType = sourcecode.c.c; name = orbit_string.c; path = ../src/liborbit/orbit_string.c; sourceTree = "<group>"; };
		DBC0013B1E25303B007CAD72 /* orbit_string.h */ = {isa = PBXFileReference; fileEncoding = 4; lastKnownFileType = sourcecode.c.h; name = orbit_string.h; path = ../src/liborbit/orbit_string.h; sourceTree = "<group>"; };
		DBC0013C1E25303B007CAD72 /* orbit_utils.c */ = {isa = PBXFileReference; fileEncoding = 4; lastKnownFileType = sourcecode.c.c; name = orbit_utils.c; path = ../src/liborbit/orbit_utils.c; sourceTree = "<group>"; };
		DBC0013D1E25303B007CAD72 /* orbit_utils.h */ = {isa = PBXFileReference; fileEncoding = 4; lastKnownFileType = sourcecode.c.h; name = orbit_utils.h; path = ../src/liborbit/orbit_utils.h; sourceTree = "<group>"; };
		DBC0013E1E25303B007CAD72 /* orbit_value.c */ = {isa = PBXFileReference; fileEncoding = 4; lastKnownFileType = sourcecode.c.c; name = orbit_value.c; path = ../src/liborbit/orbit_value.c; sourceTree = "<group>"; };
		DBC0013F1E25303B007CAD72 /* orbit_value.h */ = {isa = PBXFileReference; fileEncoding = 4; lastKnownFileType = sourcecode.c.h; name = orbit_value.h; path = ../src/liborbit/orbit_value.h; sourceTree = "<group>"; };
		DBC001401E25303B007CAD72 /* orbit_vm.c */ = {isa = PBXFileReference; fileEncoding = 4; lastKnownFileType = sourcecode.c.c; name = orbit_vm.c; path = ../src/liborbit/orbit_vm.c; sourceTree = "<group>"; };
		DBC001411E25303B007CAD72 /* orbit_vm.h */ = {isa = PBXFileReference; fileEncoding = 4; lastKnownFileType = sourcecode.c.h; name = orbit_vm.h; path = ../src/liborbit/orbit_vm.h; sourceTree = "<group>"; };
		DBC001421E25303B007CAD72 /* orbit_vtable.c */ = {isa = PBXFileReference; fileEncoding = 4; lastKnownFileType = sourcecode.c.c; name = orbit_vtable.c; path = ../src/liborbit/orbit_vtable.c; sourceTree = "<group>"; };
		DBC001431E25303B007CAD72 /* orbit_vtable.h */ = {isa = PBXFileReference; fileEncoding = 4; lastKnownFileType = sourcecode.c.h; name = orbit_vtable.h; path = ../src/liborbit/orbit_vtable.h; sourceTree = "<group>"; };
		DBC001541E253054007CAD72 /* vm-tests */ = {isa = PBXFileReference; explicitFileType = "compiled.mach-o.executable"; includeInIndex = 0; path = "vm-tests"; sourceTree = BUILT_PRODUCTS_DIR; };
		DBC0015B1E25306F007CAD72 /* tests_vm.c */ = {isa = PBXFileReference; fileEncoding = 4; lastKnownFileType = sourcecode.c.c; name = tests_vm.c; path = "../../src/tests-vm/tests_vm.c"; sourceTree = "<group>"; };
		DBC0015C1E25306F007CAD72 /* unity_internals.h */ = {isa = PBXFileReference; fileEncoding = 4; lastKnownFileType = sourcecode.c.h; name = unity_internals.h; path = "../../src/tests-vm/unity_internals.h"; sourceTree = "<group>"; };
		DBC0015D1E25306F007CAD72 /* unity.c */ = {isa = PBXFileReference; fileEncoding = 4; lastKnownFileType = sourcecode.c.c; name = unity.c; path = "../../src/tests-vm/unity.c"; sourceTree = "<group>"; };
		DBC0015E1E25306F007CAD72 /* unity.h */ = {isa = PBXFileReference; fileEncoding = 4; lastKnownFileType = sourcecode.c.h; name = unity.h; path = "../../src/tests-vm/unity.h"; sourceTree = "<group>"; };
		DBE878211DD910E000FA071C /* Makefile */ = {isa = PBXFileReference; lastKnownFileType = sourcecode.make; name = Makefile; path = ../Makefile; sourceTree = "<group>"; usesTabs = 1; };
/* End PBXFileReference section */

/* Begin PBXFrameworksBuildPhase section */
		DB65126C1DD9D53200A7DC78 /* Frameworks */ = {
			isa = PBXFrameworksBuildPhase;
			buildActionMask = 2147483647;
			files = (
			);
			runOnlyForDeploymentPostprocessing = 0;
		};
		DBC001511E253054007CAD72 /* Frameworks */ = {
			isa = PBXFrameworksBuildPhase;
			buildActionMask = 2147483647;
			files = (
				DBC001611E25307C007CAD72 /* libOrbitVM.a in Frameworks */,
			);
			runOnlyForDeploymentPostprocessing = 0;
		};
/* End PBXFrameworksBuildPhase section */

/* Begin PBXGroup section */
		DB9FB9601DFB1CF2000A6798 /* OrbitAS */ = {
			isa = PBXGroup;
			children = (
			);
			name = OrbitAS;
			sourceTree = "<group>";
		};
		DBC001551E253054007CAD72 /* vm-tests */ = {
			isa = PBXGroup;
			children = (
				DBC0015B1E25306F007CAD72 /* tests_vm.c */,
				DBC0015C1E25306F007CAD72 /* unity_internals.h */,
				DBC0015D1E25306F007CAD72 /* unity.c */,
				DBC0015E1E25306F007CAD72 /* unity.h */,
			);
			path = "vm-tests";
			sourceTree = "<group>";
		};
		DBE8780D1DD90D4F00FA071C = {
			isa = PBXGroup;
			children = (
				DB9FB9601DFB1CF2000A6798 /* OrbitAS */,
				DBE8781D1DD90D8500FA071C /* OrbitVM */,
				DBE8781E1DD90D8C00FA071C /* Tests */,
				DBE878201DD910C900FA071C /* Meta */,
				DBC001551E253054007CAD72 /* vm-tests */,
				DBE878171DD90D4F00FA071C /* Products */,
			);
			sourceTree = "<group>";
		};
		DBE878171DD90D4F00FA071C /* Products */ = {
			isa = PBXGroup;
			children = (
				DB65126F1DD9D53200A7DC78 /* libOrbitVM.a */,
				DBC001541E253054007CAD72 /* vm-tests */,
			);
			name = Products;
			sourceTree = "<group>";
		};
		DBE8781D1DD90D8500FA071C /* OrbitVM */ = {
			isa = PBXGroup;
			children = (
				DBC001381E25303B007CAD72 /* orbit_opcodes.h */,
				DBC001391E25303B007CAD72 /* orbit_platforms.h */,
				DBC0013A1E25303B007CAD72 /* orbit_string.c */,
				DBC0013B1E25303B007CAD72 /* orbit_string.h */,
				DBC0013C1E25303B007CAD72 /* orbit_utils.c */,
				DBC0013D1E25303B007CAD72 /* orbit_utils.h */,
				DBC0013E1E25303B007CAD72 /* orbit_value.c */,
				DBC0013F1E25303B007CAD72 /* orbit_value.h */,
				DBC001401E25303B007CAD72 /* orbit_vm.c */,
				DBC001411E25303B007CAD72 /* orbit_vm.h */,
				DBC001421E25303B007CAD72 /* orbit_vtable.c */,
				DBC001431E25303B007CAD72 /* orbit_vtable.h */,
			);
			name = OrbitVM;
			sourceTree = "<group>";
		};
		DBE8781E1DD90D8C00FA071C /* Tests */ = {
			isa = PBXGroup;
			children = (
			);
			name = Tests;
			sourceTree = "<group>";
		};
		DBE878201DD910C900FA071C /* Meta */ = {
			isa = PBXGroup;
			children = (
				DBE878211DD910E000FA071C /* Makefile */,
			);
			name = Meta;
			sourceTree = "<group>";
		};
/* End PBXGroup section */

/* Begin PBXHeadersBuildPhase section */
		DB65126D1DD9D53200A7DC78 /* Headers */ = {
			isa = PBXHeadersBuildPhase;
			buildActionMask = 2147483647;
			files = (
				DBC001451E25303B007CAD72 /* orbit_platforms.h in Headers */,
				DBC001471E25303B007CAD72 /* orbit_string.h in Headers */,
				DBC0014F1E25303B007CAD72 /* orbit_vtable.h in Headers */,
				DBC0014B1E25303B007CAD72 /* orbit_value.h in Headers */,
				DBC001441E25303B007CAD72 /* orbit_opcodes.h in Headers */,
				DBC0014D1E25303B007CAD72 /* orbit_vm.h in Headers */,
				DBC001491E25303B007CAD72 /* orbit_utils.h in Headers */,
			);
			runOnlyForDeploymentPostprocessing = 0;
		};
/* End PBXHeadersBuildPhase section */

/* Begin PBXLegacyTarget section */
		DB6512751DD9ECBA00A7DC78 /* liborbit.a */ = {
			isa = PBXLegacyTarget;
			buildArgumentsString = "$(ACTION)";
			buildConfigurationList = DB6512761DD9ECBA00A7DC78 /* Build configuration list for PBXLegacyTarget "liborbit.a" */;
			buildPhases = (
			);
			buildToolPath = /usr/bin/make;
			buildWorkingDirectory = ../;
			dependencies = (
			);
			name = liborbit.a;
			passBuildSettingsInEnvironment = 1;
			productName = "OrbitVM-external";
		};
/* End PBXLegacyTarget section */

/* Begin PBXNativeTarget section */
		DB65126E1DD9D53200A7DC78 /* OrbitVM-internal */ = {
			isa = PBXNativeTarget;
			buildConfigurationList = DB6512701DD9D53200A7DC78 /* Build configuration list for PBXNativeTarget "OrbitVM-internal" */;
			buildPhases = (
				DB65126B1DD9D53200A7DC78 /* Sources */,
				DB65126C1DD9D53200A7DC78 /* Frameworks */,
				DB65126D1DD9D53200A7DC78 /* Headers */,
			);
			buildRules = (
			);
			dependencies = (
			);
			name = "OrbitVM-internal";
			productName = OrbitVM;
			productReference = DB65126F1DD9D53200A7DC78 /* libOrbitVM.a */;
			productType = "com.apple.product-type.library.static";
		};
		DBC001531E253054007CAD72 /* vm-tests */ = {
			isa = PBXNativeTarget;
			buildConfigurationList = DBC001581E253054007CAD72 /* Build configuration list for PBXNativeTarget "vm-tests" */;
			buildPhases = (
				DBC001501E253054007CAD72 /* Sources */,
				DBC001511E253054007CAD72 /* Frameworks */,
				DBC001521E253054007CAD72 /* CopyFiles */,
			);
			buildRules = (
			);
			dependencies = (
			);
			name = "vm-tests";
			productName = "vm-tests";
			productReference = DBC001541E253054007CAD72 /* vm-tests */;
			productType = "com.apple.product-type.tool";
		};
/* End PBXNativeTarget section */

/* Begin PBXProject section */
		DBE8780E1DD90D4F00FA071C /* Project object */ = {
			isa = PBXProject;
			attributes = {
				LastUpgradeCheck = 0820;
				ORGANIZATIONNAME = cesarparent;
				TargetAttributes = {
					DB65126E1DD9D53200A7DC78 = {
						CreatedOnToolsVersion = 8.1;
						DevelopmentTeam = 28JAK56248;
						ProvisioningStyle = Automatic;
					};
					DB6512751DD9ECBA00A7DC78 = {
						CreatedOnToolsVersion = 8.1;
						DevelopmentTeam = 28JAK56248;
						ProvisioningStyle = Automatic;
					};
					DBC001531E253054007CAD72 = {
						CreatedOnToolsVersion = 8.2.1;
						DevelopmentTeam = 28JAK56248;
						ProvisioningStyle = Automatic;
					};
				};
			};
			buildConfigurationList = DBE878111DD90D4F00FA071C /* Build configuration list for PBXProject "OrbitVM" */;
			compatibilityVersion = "Xcode 3.2";
			developmentRegion = English;
			hasScannedForEncodings = 0;
			knownRegions = (
				en,
			);
			mainGroup = DBE8780D1DD90D4F00FA071C;
			productRefGroup = DBE878171DD90D4F00FA071C /* Products */;
			projectDirPath = "";
			projectRoot = "";
			targets = (
				DB65126E1DD9D53200A7DC78 /* OrbitVM-internal */,
				DB6512751DD9ECBA00A7DC78 /* liborbit.a */,
				DBC001531E253054007CAD72 /* vm-tests */,
			);
		};
/* End PBXProject section */

/* Begin PBXSourcesBuildPhase section */
		DB65126B1DD9D53200A7DC78 /* Sources */ = {
			isa = PBXSourcesBuildPhase;
			buildActionMask = 2147483647;
			files = (
				DBC0014E1E25303B007CAD72 /* orbit_vtable.c in Sources */,
				DBC001481E25303B007CAD72 /* orbit_utils.c in Sources */,
				DBC0014C1E25303B007CAD72 /* orbit_vm.c in Sources */,
				DBC001461E25303B007CAD72 /* orbit_string.c in Sources */,
				DBC0014A1E25303B007CAD72 /* orbit_value.c in Sources */,
			);
			runOnlyForDeploymentPostprocessing = 0;
		};
		DBC001501E253054007CAD72 /* Sources */ = {
			isa = PBXSourcesBuildPhase;
			buildActionMask = 2147483647;
			files = (
				DBC0015F1E25306F007CAD72 /* tests_vm.c in Sources */,
				DBC001601E25306F007CAD72 /* unity.c in Sources */,
			);
			runOnlyForDeploymentPostprocessing = 0;
		};
/* End PBXSourcesBuildPhase section */

/* Begin XCBuildConfiguration section */
		DB6512711DD9D53200A7DC78 /* Debug */ = {
			isa = XCBuildConfiguration;
			buildSettings = {
				DEVELOPMENT_TEAM = 28JAK56248;
				EXECUTABLE_PREFIX = lib;
				HEADER_SEARCH_PATHS = "$(PROJECT_DIR)/../include";
				PRODUCT_NAME = OrbitVM;
			};
			name = Debug;
		};
		DB6512721DD9D53200A7DC78 /* Release */ = {
			isa = XCBuildConfiguration;
			buildSettings = {
				DEVELOPMENT_TEAM = 28JAK56248;
				EXECUTABLE_PREFIX = lib;
				HEADER_SEARCH_PATHS = "$(PROJECT_DIR)/../include";
				PRODUCT_NAME = OrbitVM;
			};
			name = Release;
		};
		DB6512771DD9ECBA00A7DC78 /* Debug */ = {
			isa = XCBuildConfiguration;
			buildSettings = {
				DEBUGGING_SYMBOLS = YES;
				DEBUG_INFORMATION_FORMAT = dwarf;
				DEVELOPMENT_TEAM = 28JAK56248;
				GCC_GENERATE_DEBUGGING_SYMBOLS = YES;
				GCC_OPTIMIZATION_LEVEL = 0;
				OTHER_CFLAGS = "";
				OTHER_LDFLAGS = "";
				PRODUCT_NAME = orbit;
			};
			name = Debug;
		};
		DB6512781DD9ECBA00A7DC78 /* Release */ = {
			isa = XCBuildConfiguration;
			buildSettings = {
				DEBUG_INFORMATION_FORMAT = "dwarf-with-dsym";
				DEVELOPMENT_TEAM = 28JAK56248;
				OTHER_CFLAGS = "";
				OTHER_LDFLAGS = "";
				PRODUCT_NAME = orbit;
			};
			name = Release;
		};
		DBC001591E253054007CAD72 /* Debug */ = {
			isa = XCBuildConfiguration;
			buildSettings = {
				DEVELOPMENT_TEAM = 28JAK56248;
				HEADER_SEARCH_PATHS = "\"$(SRCROOT)/../src\"";
				PRODUCT_NAME = "$(TARGET_NAME)";
				USER_HEADER_SEARCH_PATHS = "";
			};
			name = Debug;
		};
		DBC0015A1E253054007CAD72 /* Release */ = {
			isa = XCBuildConfiguration;
			buildSettings = {
				DEVELOPMENT_TEAM = 28JAK56248;
				HEADER_SEARCH_PATHS = "\"$(SRCROOT)/../src\"";
				PRODUCT_NAME = "$(TARGET_NAME)";
				USER_HEADER_SEARCH_PATHS = "";
			};
			name = Release;
		};
		DBE878181DD90D4F00FA071C /* Debug */ = {
			isa = XCBuildConfiguration;
			buildSettings = {
				ALWAYS_SEARCH_USER_PATHS = NO;
				CLANG_ANALYZER_NONNULL = YES;
				CLANG_CXX_LANGUAGE_STANDARD = "gnu++0x";
				CLANG_CXX_LIBRARY = "libc++";
				CLANG_ENABLE_MODULES = YES;
				CLANG_ENABLE_OBJC_ARC = YES;
				CLANG_WARN_BOOL_CONVERSION = YES;
				CLANG_WARN_CONSTANT_CONVERSION = YES;
				CLANG_WARN_DIRECT_OBJC_ISA_USAGE = YES_ERROR;
				CLANG_WARN_DOCUMENTATION_COMMENTS = YES;
				CLANG_WARN_EMPTY_BODY = YES;
				CLANG_WARN_ENUM_CONVERSION = YES;
				CLANG_WARN_INFINITE_RECURSION = YES;
				CLANG_WARN_INT_CONVERSION = YES;
				CLANG_WARN_OBJC_ROOT_CLASS = YES_ERROR;
				CLANG_WARN_SUSPICIOUS_MOVE = YES;
				CLANG_WARN_SUSPICIOUS_MOVES = YES;
				CLANG_WARN_UNREACHABLE_CODE = YES;
				CLANG_WARN__DUPLICATE_METHOD_MATCH = YES;
				CODE_SIGN_IDENTITY = "-";
				COPY_PHASE_STRIP = NO;
				DEBUG_INFORMATION_FORMAT = dwarf;
				ENABLE_STRICT_OBJC_MSGSEND = YES;
				ENABLE_TESTABILITY = YES;
				GCC_C_LANGUAGE_STANDARD = gnu99;
				GCC_DYNAMIC_NO_PIC = NO;
				GCC_NO_COMMON_BLOCKS = YES;
				GCC_OPTIMIZATION_LEVEL = 0;
				GCC_PREPROCESSOR_DEFINITIONS = (
					"DEBUG=1",
					"$(inherited)",
				);
				GCC_WARN_64_TO_32_BIT_CONVERSION = YES;
				GCC_WARN_ABOUT_RETURN_TYPE = YES_ERROR;
				GCC_WARN_UNDECLARED_SELECTOR = YES;
				GCC_WARN_UNINITIALIZED_AUTOS = YES_AGGRESSIVE;
				GCC_WARN_UNUSED_FUNCTION = YES;
				GCC_WARN_UNUSED_VARIABLE = YES;
				MACOSX_DEPLOYMENT_TARGET = 10.12;
				MTL_ENABLE_DEBUG_INFO = YES;
				ONLY_ACTIVE_ARCH = YES;
				SDKROOT = macosx;
			};
			name = Debug;
		};
		DBE878191DD90D4F00FA071C /* Release */ = {
			isa = XCBuildConfiguration;
			buildSettings = {
				ALWAYS_SEARCH_USER_PATHS = NO;
				CLANG_ANALYZER_NONNULL = YES;
				CLANG_CXX_LANGUAGE_STANDARD = "gnu++0x";
				CLANG_CXX_LIBRARY = "libc++";
				CLANG_ENABLE_MODULES = YES;
				CLANG_ENABLE_OBJC_ARC = YES;
				CLANG_WARN_BOOL_CONVERSION = YES;
				CLANG_WARN_CONSTANT_CONVERSION = YES;
				CLANG_WARN_DIRECT_OBJC_ISA_USAGE = YES_ERROR;
				CLANG_WARN_DOCUMENTATION_COMMENTS = YES;
				CLANG_WARN_EMPTY_BODY = YES;
				CLANG_WARN_ENUM_CONVERSION = YES;
				CLANG_WARN_INFINITE_RECURSION = YES;
				CLANG_WARN_INT_CONVERSION = YES;
				CLANG_WARN_OBJC_ROOT_CLASS = YES_ERROR;
				CLANG_WARN_SUSPICIOUS_MOVE = YES;
				CLANG_WARN_SUSPICIOUS_MOVES = YES;
				CLANG_WARN_UNREACHABLE_CODE = YES;
				CLANG_WARN__DUPLICATE_METHOD_MATCH = YES;
				CODE_SIGN_IDENTITY = "-";
				COPY_PHASE_STRIP = NO;
				DEBUG_INFORMATION_FORMAT = "dwarf-with-dsym";
				ENABLE_NS_ASSERTIONS = NO;
				ENABLE_STRICT_OBJC_MSGSEND = YES;
				GCC_C_LANGUAGE_STANDARD = gnu99;
				GCC_NO_COMMON_BLOCKS = YES;
				GCC_WARN_64_TO_32_BIT_CONVERSION = YES;
				GCC_WARN_ABOUT_RETURN_TYPE = YES_ERROR;
				GCC_WARN_UNDECLARED_SELECTOR = YES;
				GCC_WARN_UNINITIALIZED_AUTOS = YES_AGGRESSIVE;
				GCC_WARN_UNUSED_FUNCTION = YES;
				GCC_WARN_UNUSED_VARIABLE = YES;
				MACOSX_DEPLOYMENT_TARGET = 10.12;
				MTL_ENABLE_DEBUG_INFO = NO;
				SDKROOT = macosx;
			};
			name = Release;
		};
/* End XCBuildConfiguration section */

/* Begin XCConfigurationList section */
		DB6512701DD9D53200A7DC78 /* Build configuration list for PBXNativeTarget "OrbitVM-internal" */ = {
			isa = XCConfigurationList;
			buildConfigurations = (
				DB6512711DD9D53200A7DC78 /* Debug */,
				DB6512721DD9D53200A7DC78 /* Release */,
			);
			defaultConfigurationIsVisible = 0;
			defaultConfigurationName = Release;
		};
		DB6512761DD9ECBA00A7DC78 /* Build configuration list for PBXLegacyTarget "liborbit.a" */ = {
			isa = XCConfigurationList;
			buildConfigurations = (
				DB6512771DD9ECBA00A7DC78 /* Debug */,
				DB6512781DD9ECBA00A7DC78 /* Release */,
			);
			defaultConfigurationIsVisible = 0;
			defaultConfigurationName = Release;
		};
		DBC001581E253054007CAD72 /* Build configuration list for PBXNativeTarget "vm-tests" */ = {
			isa = XCConfigurationList;
			buildConfigurations = (
				DBC001591E253054007CAD72 /* Debug */,
				DBC0015A1E253054007CAD72 /* Release */,
			);
			defaultConfigurationIsVisible = 0;
		};
		DBE878111DD90D4F00FA071C /* Build configuration list for PBXProject "OrbitVM" */ = {
			isa = XCConfigurationList;
			buildConfigurations = (
				DBE878181DD90D4F00FA071C /* Debug */,
				DBE878191DD90D4F00FA071C /* Release */,
			);
			defaultConfigurationIsVisible = 0;
			defaultConfigurationName = Release;
		};
/* End XCConfigurationList section */
	};
	rootObject = DBE8780E1DD90D4F00FA071C /* Project object */;
}
